
Microsoft Visual Studio Solution File, Format Version 12.00
# Visual Studio Version 17
VisualStudioVersion = 17.11.35327.3
MinimumVisualStudioVersion = 10.0.40219.1
Project("{9A19103F-16F7-4668-BE54-9A1E7A4F7556}") = "Veribuild_latest", "Veribuild_latest\Veribuild_latest.csproj", "{34BECB8E-34B5-4C4B-B30A-BD50470A8456}"
EndProject
Project("{9A19103F-16F7-4668-BE54-9A1E7A4F7556}") = "App.Foundation", "App.Foundation\App.Foundation.csproj", "{DC6EF99B-03B5-4E7F-A77D-309A2F185659}"
EndProject
Project("{9A19103F-16F7-4668-BE54-9A1E7A4F7556}") = "App.Entity", "App.Entity\App.Entity.csproj", "{315532F1-9CA6-4D36-8E89-08C189615CFB}"
EndProject
Project("{9A19103F-16F7-4668-BE54-9A1E7A4F7556}") = "App.Dal", "App.Dal\App.Dal.csproj", "{40F0205F-2DE3-48CF-B0DC-2455092294EA}"
EndProject
Project("{9A19103F-16F7-4668-BE54-9A1E7A4F7556}") = "App.Bal", "App.Bal\App.Bal.csproj", "{97B9A1C7-AC70-4DEB-BBC5-CDAC2DC0BB0E}"
EndProject
Global
	GlobalSection(SolutionConfigurationPlatforms) = preSolution
		Debug|Any CPU = Debug|Any CPU
		Release|Any CPU = Release|Any CPU
	EndGlobalSection
	GlobalSection(ProjectConfigurationPlatforms) = postSolution
		{34BECB8E-34B5-4C4B-B30A-BD50470A8456}.Debug|Any CPU.ActiveCfg = Debug|Any CPU
		{34BECB8E-34B5-4C4B-B30A-BD50470A8456}.Debug|Any CPU.Build.0 = Debug|Any CPU
		{34BECB8E-34B5-4C4B-B30A-BD50470A8456}.Release|Any CPU.ActiveCfg = Release|Any CPU
		{34BECB8E-34B5-4C4B-B30A-BD50470A8456}.Release|Any CPU.Build.0 = Release|Any CPU
		{DC6EF99B-03B5-4E7F-A77D-309A2F185659}.Debug|Any CPU.ActiveCfg = Debug|Any CPU
		{DC6EF99B-03B5-4E7F-A77D-309A2F185659}.Debug|Any CPU.Build.0 = Debug|Any CPU
		{DC6EF99B-03B5-4E7F-A77D-309A2F185659}.Release|Any CPU.ActiveCfg = Release|Any CPU
		{DC6EF99B-03B5-4E7F-A77D-309A2F185659}.Release|Any CPU.Build.0 = Release|Any CPU
		{315532F1-9CA6-4D36-8E89-08C189615CFB}.Debug|Any CPU.ActiveCfg = Debug|Any CPU
		{315532F1-9CA6-4D36-8E89-08C189615CFB}.Debug|Any CPU.Build.0 = Debug|Any CPU
		{315532F1-9CA6-4D36-8E89-08C189615CFB}.Release|Any CPU.ActiveCfg = Release|Any CPU
		{315532F1-9CA6-4D36-8E89-08C189615CFB}.Release|Any CPU.Build.0 = Release|Any CPU
		{40F0205F-2DE3-48CF-B0DC-2455092294EA}.Debug|Any CPU.ActiveCfg = Debug|Any CPU
		{40F0205F-2DE3-48CF-B0DC-2455092294EA}.Debug|Any CPU.Build.0 = Debug|Any CPU
		{40F0205F-2DE3-48CF-B0DC-2455092294EA}.Release|Any CPU.ActiveCfg = Release|Any CPU
		{40F0205F-2DE3-48CF-B0DC-2455092294EA}.Release|Any CPU.Build.0 = Release|Any CPU
		{97B9A1C7-AC70-4DEB-BBC5-CDAC2DC0BB0E}.Debug|Any CPU.ActiveCfg = Debug|Any CPU
		{97B9A1C7-AC70-4DEB-BBC5-CDAC2DC0BB0E}.Debug|Any CPU.Build.0 = Debug|Any CPU
		{97B9A1C7-AC70-4DEB-BBC5-CDAC2DC0BB0E}.Release|Any CPU.ActiveCfg = Release|Any CPU
		{97B9A1C7-AC70-4DEB-BBC5-CDAC2DC0BB0E}.Release|Any CPU.Build.0 = Release|Any CPU
	EndGlobalSection
	GlobalSection(SolutionProperties) = preSolution
		HideSolutionNode = FALSE
	EndGlobalSection
	GlobalSection(ExtensibilityGlobals) = postSolution
		SolutionGuid = {9DD21162-1510-4F16-B7A8-8F24CF0C6D33}
	EndGlobalSection
EndGlobal
